
Microsoft Visual Studio Solution File, Format Version 12.00
# Visual Studio Version 16
VisualStudioVersion = 16.0.30225.117
MinimumVisualStudioVersion = 10.0.40219.1
Project("{FAE04EC0-301F-11D3-BF4B-00C04F79EFBC}") = "ConsoleApp6", "ConsoleApp6\ConsoleApp6.csproj", "{974B8640-DFAD-44E6-B15D-2236872B3110}"
EndProject
Global
	GlobalSection(SolutionConfigurationPlatforms) = preSolution
		Debug|Any CPU = Debug|Any CPU
		Release|Any CPU = Release|Any CPU
	EndGlobalSection
	GlobalSection(ProjectConfigurationPlatforms) = postSolution
		{974B8640-DFAD-44E6-B15D-2236872B3110}.Debug|Any CPU.ActiveCfg = Debug|Any CPU
		{974B8640-DFAD-44E6-B15D-2236872B3110}.Debug|Any CPU.Build.0 = Debug|Any CPU
		{974B8640-DFAD-44E6-B15D-2236872B3110}.Release|Any CPU.ActiveCfg = Release|Any CPU
		{974B8640-DFAD-44E6-B15D-2236872B3110}.Release|Any CPU.Build.0 = Release|Any CPU
	EndGlobalSection
	GlobalSection(SolutionProperties) = preSolution
		HideSolutionNode = FALSE
	EndGlobalSection
	GlobalSection(ExtensibilityGlobals) = postSolution
		SolutionGuid = {79AEB098-32C9-425C-9084-496F1C1A7083}
	EndGlobalSection
EndGlobal
